// !$*UTF8*$!
{
	archiveVersion = 1;
	classes = {
	};
	objectVersion = 50;
	objects = {

/* Begin PBXBuildFile section */
		FA550DDD2242B9B0008194CC /* AppDelegate.swift in Sources */ = {isa = PBXBuildFile; fileRef = FA550DDC2242B9B0008194CC /* AppDelegate.swift */; };
		FA550DDF2242B9B0008194CC /* MainViewController.swift in Sources */ = {isa = PBXBuildFile; fileRef = FA550DDE2242B9B0008194CC /* MainViewController.swift */; };
		FA550DE22242B9B0008194CC /* Main.storyboard in Resources */ = {isa = PBXBuildFile; fileRef = FA550DE02242B9B0008194CC /* Main.storyboard */; };
		FA550DE42242B9B1008194CC /* Assets.xcassets in Resources */ = {isa = PBXBuildFile; fileRef = FA550DE32242B9B1008194CC /* Assets.xcassets */; };
		FA550DE72242B9B1008194CC /* LaunchScreen.storyboard in Resources */ = {isa = PBXBuildFile; fileRef = FA550DE52242B9B1008194CC /* LaunchScreen.storyboard */; };
		FA550DEF2242BA72008194CC /* GradientCell.swift in Sources */ = {isa = PBXBuildFile; fileRef = FA550DEE2242BA72008194CC /* GradientCell.swift */; };
		FA550DF12242CAAE008194CC /* TableDataSource.swift in Sources */ = {isa = PBXBuildFile; fileRef = FA550DF02242CAAE008194CC /* TableDataSource.swift */; };
		FA550DF32242D3B4008194CC /* RandomTextGeneragor.swift in Sources */ = {isa = PBXBuildFile; fileRef = FA550DF22242D3B4008194CC /* RandomTextGeneragor.swift */; };
/* End PBXBuildFile section */

/* Begin PBXFileReference section */
		FA550DD92242B9B0008194CC /* GradientCell.app */ = {isa = PBXFileReference; explicitFileType = wrapper.application; includeInIndex = 0; path = GradientCell.app; sourceTree = BUILT_PRODUCTS_DIR; };
		FA550DDC2242B9B0008194CC /* AppDelegate.swift */ = {isa = PBXFileReference; lastKnownFileType = sourcecode.swift; path = AppDelegate.swift; sourceTree = "<group>"; };
		FA550DDE2242B9B0008194CC /* MainViewController.swift */ = {isa = PBXFileReference; lastKnownFileType = sourcecode.swift; path = MainViewController.swift; sourceTree = "<group>"; };
		FA550DE12242B9B0008194CC /* Base */ = {isa = PBXFileReference; lastKnownFileType = file.storyboard; name = Base; path = Base.lproj/Main.storyboard; sourceTree = "<group>"; };
		FA550DE32242B9B1008194CC /* Assets.xcassets */ = {isa = PBXFileReference; lastKnownFileType = folder.assetcatalog; path = Assets.xcassets; sourceTree = "<group>"; };
		FA550DE62242B9B1008194CC /* Base */ = {isa = PBXFileReference; lastKnownFileType = file.storyboard; name = Base; path = Base.lproj/LaunchScreen.storyboard; sourceTree = "<group>"; };
		FA550DE82242B9B1008194CC /* Info.plist */ = {isa = PBXFileReference; lastKnownFileType = text.plist.xml; path = Info.plist; sourceTree = "<group>"; };
		FA550DEE2242BA72008194CC /* GradientCell.swift */ = {isa = PBXFileReference; lastKnownFileType = sourcecode.swift; path = GradientCell.swift; sourceTree = "<group>"; };
		FA550DF02242CAAE008194CC /* TableDataSource.swift */ = {isa = PBXFileReference; lastKnownFileType = sourcecode.swift; path = TableDataSource.swift; sourceTree = "<group>"; };
		FA550DF22242D3B4008194CC /* RandomTextGeneragor.swift */ = {isa = PBXFileReference; lastKnownFileType = sourcecode.swift; path = RandomTextGeneragor.swift; sourceTree = "<group>"; };
/* End PBXFileReference section */

/* Begin PBXFrameworksBuildPhase section */
		FA550DD62242B9B0008194CC /* Frameworks */ = {
			isa = PBXFrameworksBuildPhase;
			buildActionMask = 2147483647;
			files = (
			);
			runOnlyForDeploymentPostprocessing = 0;
		};
/* End PBXFrameworksBuildPhase section */

/* Begin PBXGroup section */
		FA550DD02242B9B0008194CC = {
			isa = PBXGroup;
			children = (
				FA550DDB2242B9B0008194CC /* GradientCell */,
				FA550DDA2242B9B0008194CC /* Products */,
			);
			sourceTree = "<group>";
		};
		FA550DDA2242B9B0008194CC /* Products */ = {
			isa = PBXGroup;
			children = (
				FA550DD92242B9B0008194CC /* GradientCell.app */,
			);
			name = Products;
			sourceTree = "<group>";
		};
		FA550DDB2242B9B0008194CC /* GradientCell */ = {
			isa = PBXGroup;
			children = (
				FA550DDC2242B9B0008194CC /* AppDelegate.swift */,
				FA550DDE2242B9B0008194CC /* MainViewController.swift */,
				FA550DF02242CAAE008194CC /* TableDataSource.swift */,
				FA550DEE2242BA72008194CC /* GradientCell.swift */,
				FA550DF22242D3B4008194CC /* RandomTextGeneragor.swift */,
				FA550DE02242B9B0008194CC /* Main.storyboard */,
				FA550DE32242B9B1008194CC /* Assets.xcassets */,
				FA550DE52242B9B1008194CC /* LaunchScreen.storyboard */,
				FA550DE82242B9B1008194CC /* Info.plist */,
			);
			path = GradientCell;
			sourceTree = "<group>";
		};
/* End PBXGroup section */

/* Begin PBXNativeTarget section */
		FA550DD82242B9B0008194CC /* GradientCell */ = {
			isa = PBXNativeTarget;
			buildConfigurationList = FA550DEB2242B9B1008194CC /* Build configuration list for PBXNativeTarget "GradientCell" */;
			buildPhases = (
				FA550DD52242B9B0008194CC /* Sources */,
				FA550DD62242B9B0008194CC /* Frameworks */,
				FA550DD72242B9B0008194CC /* Resources */,
			);
			buildRules = (
			);
			dependencies = (
			);
			name = GradientCell;
			productName = GradientCell;
			productReference = FA550DD92242B9B0008194CC /* GradientCell.app */;
			productType = "com.apple.product-type.application";
		};
/* End PBXNativeTarget section */

/* Begin PBXProject section */
		FA550DD12242B9B0008194CC /* Project object */ = {
			isa = PBXProject;
			attributes = {
				LastSwiftUpdateCheck = 1010;
				LastUpgradeCheck = 1010;
				ORGANIZATIONNAME = "Alex Golovaschenko";
				TargetAttributes = {
					FA550DD82242B9B0008194CC = {
						CreatedOnToolsVersion = 10.1;
					};
				};
			};
			buildConfigurationList = FA550DD42242B9B0008194CC /* Build configuration list for PBXProject "GradientCell" */;
			compatibilityVersion = "Xcode 9.3";
			developmentRegion = en;
			hasScannedForEncodings = 0;
			knownRegions = (
				en,
				Base,
			);
			mainGroup = FA550DD02242B9B0008194CC;
			productRefGroup = FA550DDA2242B9B0008194CC /* Products */;
			projectDirPath = "";
			projectRoot = "";
			targets = (
				FA550DD82242B9B0008194CC /* GradientCell */,
			);
		};
/* End PBXProject section */

/* Begin PBXResourcesBuildPhase section */
		FA550DD72242B9B0008194CC /* Resources */ = {
			isa = PBXResourcesBuildPhase;
			buildActionMask = 2147483647;
			files = (
				FA550DE72242B9B1008194CC /* LaunchScreen.storyboard in Resources */,
				FA550DE42242B9B1008194CC /* Assets.xcassets in Resources */,
				FA550DE22242B9B0008194CC /* Main.storyboard in Resources */,
			);
			runOnlyForDeploymentPostprocessing = 0;
		};
/* End PBXResourcesBuildPhase section */

/* Begin PBXSourcesBuildPhase section */
		FA550DD52242B9B0008194CC /* Sources */ = {
			isa = PBXSourcesBuildPhase;
			buildActionMask = 2147483647;
			files = (
				FA550DDF2242B9B0008194CC /* MainViewController.swift in Sources */,
				FA550DEF2242BA72008194CC /* GradientCell.swift in Sources */,
				FA550DF32242D3B4008194CC /* RandomTextGeneragor.swift in Sources */,
				FA550DDD2242B9B0008194CC /* AppDelegate.swift in Sources */,
				FA550DF12242CAAE008194CC /* TableDataSource.swift in Sources */,
			);
			runOnlyForDeploymentPostprocessing = 0;
		};
/* End PBXSourcesBuildPhase section */

/* Begin PBXVariantGroup section */
		FA550DE02242B9B0008194CC /* Main.storyboard */ = {
			isa = PBXVariantGroup;
			children = (
				FA550DE12242B9B0008194CC /* Base */,
			);
			name = Main.storyboard;
			sourceTree = "<group>";
		};
		FA550DE52242B9B1008194CC /* LaunchScreen.storyboard */ = {
			isa = PBXVariantGroup;
			children = (
				FA550DE62242B9B1008194CC /* Base */,
			);
			name = LaunchScreen.storyboard;
			sourceTree = "<group>";
		};
/* End PBXVariantGroup section */

/* Begin XCBuildConfiguration section */
		FA550DE92242B9B1008194CC /* Debug */ = {
			isa = XCBuildConfiguration;
			buildSettings = {
				ALWAYS_SEARCH_USER_PATHS = NO;
				CLANG_ANALYZER_NONNULL = YES;
				CLANG_ANALYZER_NUMBER_OBJECT_CONVERSION = YES_AGGRESSIVE;
				CLANG_CXX_LANGUAGE_STANDARD = "gnu++14";
				CLANG_CXX_LIBRARY = "libc++";
				CLANG_ENABLE_MODULES = YES;
				CLANG_ENABLE_OBJC_ARC = YES;
				CLANG_ENABLE_OBJC_WEAK = YES;
				CLANG_WARN_BLOCK_CAPTURE_AUTORELEASING = YES;
				CLANG_WARN_BOOL_CONVERSION = YES;
				CLANG_WARN_COMMA = YES;
				CLANG_WARN_CONSTANT_CONVERSION = YES;
				CLANG_WARN_DEPRECATED_OBJC_IMPLEMENTATIONS = YES;
				CLANG_WARN_DIRECT_OBJC_ISA_USAGE = YES_ERROR;
				CLANG_WARN_DOCUMENTATION_COMMENTS = YES;
				CLANG_WARN_EMPTY_BODY = YES;
				CLANG_WARN_ENUM_CONVERSION = YES;
				CLANG_WARN_INFINITE_RECURSION = YES;
				CLANG_WARN_INT_CONVERSION = YES;
				CLANG_WARN_NON_LITERAL_NULL_CONVERSION = YES;
				CLANG_WARN_OBJC_IMPLICIT_RETAIN_SELF = YES;
				CLANG_WARN_OBJC_LITERAL_CONVERSION = YES;
				CLANG_WARN_OBJC_ROOT_CLASS = YES_ERROR;
				CLANG_WARN_RANGE_LOOP_ANALYSIS = YES;
				CLANG_WARN_STRICT_PROTOTYPES = YES;
				CLANG_WARN_SUSPICIOUS_MOVE = YES;
				CLANG_WARN_UNGUARDED_AVAILABILITY = YES_AGGRESSIVE;
				CLANG_WARN_UNREACHABLE_CODE = YES;
				CLANG_WARN__DUPLICATE_METHOD_MATCH = YES;
				CODE_SIGN_IDENTITY = "iPhone Developer";
				COPY_PHASE_STRIP = NO;
				DEBUG_INFORMATION_FORMAT = dwarf;
				ENABLE_STRICT_OBJC_MSGSEND = YES;
				ENABLE_TESTABILITY = YES;
				GCC_C_LANGUAGE_STANDARD = gnu11;
				GCC_DYNAMIC_NO_PIC = NO;
				GCC_NO_COMMON_BLOCKS = YES;
				GCC_OPTIMIZATION_LEVEL = 0;
				GCC_PREPROCESSOR_DEFINITIONS = (
					"DEBUG=1",
					"$(inherited)",
				);
				GCC_WARN_64_TO_32_BIT_CONVERSION = YES;
				GCC_WARN_ABOUT_RETURN_TYPE = YES_ERROR;
				GCC_WARN_UNDECLARED_SELECTOR = YES;
				GCC_WARN_UNINITIALIZED_AUTOS = YES_AGGRESSIVE;
				GCC_WARN_UNUSED_FUNCTION = YES;
				GCC_WARN_UNUSED_VARIABLE = YES;
				IPHONEOS_DEPLOYMENT_TARGET = 12.1;
				MTL_ENABLE_DEBUG_INFO = INCLUDE_SOURCE;
				MTL_FAST_MATH = YES;
				ONLY_ACTIVE_ARCH = YES;
				SDKROOT = iphoneos;
				SWIFT_ACTIVE_COMPILATION_CONDITIONS = DEBUG;
				SWIFT_OPTIMIZATION_LEVEL = "-Onone";
			};
			name = Debug;
		};
		FA550DEA2242B9B1008194CC /* Release */ = {
			isa = XCBuildConfiguration;
			buildSettings = {
				ALWAYS_SEARCH_USER_PATHS = NO;
				CLANG_ANALYZER_NONNULL = YES;
				CLANG_ANALYZER_NUMBER_OBJECT_CONVERSION = YES_AGGRESSIVE;
				CLANG_CXX_LANGUAGE_STANDARD = "gnu++14";
				CLANG_CXX_LIBRARY = "libc++";
				CLANG_ENABLE_MODULES = YES;
				CLANG_ENABLE_OBJC_ARC = YES;
				CLANG_ENABLE_OBJC_WEAK = YES;
				CLANG_WARN_BLOCK_CAPTURE_AUTORELEASING = YES;
				CLANG_WARN_BOOL_CONVERSION = YES;
				CLANG_WARN_COMMA = YES;
				CLANG_WARN_CONSTANT_CONVERSION = YES;
				CLANG_WARN_DEPRECATED_OBJC_IMPLEMENTATIONS = YES;
				CLANG_WARN_DIRECT_OBJC_ISA_USAGE = YES_ERROR;
				CLANG_WARN_DOCUMENTATION_COMMENTS = YES;
				CLANG_WARN_EMPTY_BODY = YES;
				CLANG_WARN_ENUM_CONVERSION = YES;
				CLANG_WARN_INFINITE_RECURSION = YES;
				CLANG_WARN_INT_CONVERSION = YES;
				CLANG_WARN_NON_LITERAL_NULL_CONVERSION = YES;
				CLANG_WARN_OBJC_IMPLICIT_RETAIN_SELF = YES;
				CLANG_WARN_OBJC_LITERAL_CONVERSION = YES;
				CLANG_WARN_OBJC_ROOT_CLASS = YES_ERROR;
				CLANG_WARN_RANGE_LOOP_ANALYSIS = YES;
				CLANG_WARN_STRICT_PROTOTYPES = YES;
				CLANG_WARN_SUSPICIOUS_MOVE = YES;
				CLANG_WARN_UNGUARDED_AVAILABILITY = YES_AGGRESSIVE;
				CLANG_WARN_UNREACHABLE_CODE = YES;
				CLANG_WARN__DUPLICATE_METHOD_MATCH = YES;
				CODE_SIGN_IDENTITY = "iPhone Developer";
				COPY_PHASE_STRIP = NO;
				DEBUG_INFORMATION_FORMAT = "dwarf-with-dsym";
				ENABLE_NS_ASSERTIONS = NO;
				ENABLE_STRICT_OBJC_MSGSEND = YES;
				GCC_C_LANGUAGE_STANDARD = gnu11;
				GCC_NO_COMMON_BLOCKS = YES;
				GCC_WARN_64_TO_32_BIT_CONVERSION = YES;
				GCC_WARN_ABOUT_RETURN_TYPE = YES_ERROR;
				GCC_WARN_UNDECLARED_SELECTOR = YES;
				GCC_WARN_UNINITIALIZED_AUTOS = YES_AGGRESSIVE;
				GCC_WARN_UNUSED_FUNCTION = YES;
				GCC_WARN_UNUSED_VARIABLE = YES;
				IPHONEOS_DEPLOYMENT_TARGET = 12.1;
				MTL_ENABLE_DEBUG_INFO = NO;
				MTL_FAST_MATH = YES;
				SDKROOT = iphoneos;
				SWIFT_COMPILATION_MODE = wholemodule;
				SWIFT_OPTIMIZATION_LEVEL = "-O";
				VALIDATE_PRODUCT = YES;
			};
			name = Release;
		};
		FA550DEC2242B9B1008194CC /* Debug */ = {
			isa = XCBuildConfiguration;
			buildSettings = {
				ASSETCATALOG_COMPILER_APPICON_NAME = AppIcon;
				CODE_SIGN_STYLE = Automatic;
				DEVELOPMENT_TEAM = 3M69Q4BX5B;
				INFOPLIST_FILE = GradientCell/Info.plist;
				IPHONEOS_DEPLOYMENT_TARGET = 9.0;
				LD_RUNPATH_SEARCH_PATHS = (
					"$(inherited)",
					"@executable_path/Frameworks",
				);
				PRODUCT_BUNDLE_IDENTIFIER = Alex.GradientCell;
				PRODUCT_NAME = "$(TARGET_NAME)";
				SWIFT_VERSION = 4.2;
				TARGETED_DEVICE_FAMILY = "1,2";
			};
			name = Debug;
		};
		FA550DED2242B9B1008194CC /* Release */ = {
			isa = XCBuildConfiguration;
			buildSettings = {
				ASSETCATALOG_COMPILER_APPICON_NAME = AppIcon;
				CODE_SIGN_STYLE = Automatic;
				DEVELOPMENT_TEAM = 3M69Q4BX5B;
				INFOPLIST_FILE = GradientCell/Info.plist;
				IPHONEOS_DEPLOYMENT_TARGET = 9.0;
				LD_RUNPATH_SEARCH_PATHS = (
					"$(inherited)",
					"@executable_path/Frameworks",
				);
				PRODUCT_BUNDLE_IDENTIFIER = Alex.GradientCell;
				PRODUCT_NAME = "$(TARGET_NAME)";
				SWIFT_VERSION = 4.2;
				TARGETED_DEVICE_FAMILY = "1,2";
			};
			name = Release;
		};
/* End XCBuildConfiguration section */

/* Begin XCConfigurationList section */
		FA550DD42242B9B0008194CC /* Build configuration list for PBXProject "GradientCell" */ = {
			isa = XCConfigurationList;
			buildConfigurations = (
				FA550DE92242B9B1008194CC /* Debug */,
				FA550DEA2242B9B1008194CC /* Release */,
			);
			defaultConfigurationIsVisible = 0;
			defaultConfigurationName = Release;
		};
		FA550DEB2242B9B1008194CC /* Build configuration list for PBXNativeTarget "GradientCell" */ = {
			isa = XCConfigurationList;
			buildConfigurations = (
				FA550DEC2242B9B1008194CC /* Debug */,
				FA550DED2242B9B1008194CC /* Release */,
			);
			defaultConfigurationIsVisible = 0;
			defaultConfigurationName = Release;
		};
/* End XCConfigurationList section */
	};
	rootObject = FA550DD12242B9B0008194CC /* Project object */;
}
